
Microsoft Visual Studio Solution File, Format Version 12.00
# Visual Studio Version 17
VisualStudioVersion = 17.1.31911.260
MinimumVisualStudioVersion = 10.0.40219.1
Project("{9A19103F-16F7-4668-BE54-9A1E7A4F7556}") = "MacroMu.Binary", "MacroMu.Binary\MacroMu.Binary.csproj", "{94062AC5-3DB5-48B6-AE8A-57862FF56D02}"
EndProject
Project("{FAE04EC0-301F-11D3-BF4B-00C04F79EFBC}") = "MacroMu.Binary.Tests", "MacroMu.Binary.Tests\MacroMu.Binary.Tests.csproj", "{0C4CA075-E4EE-4D06-A33D-31C97579799A}"
EndProject
Global
	GlobalSection(SolutionConfigurationPlatforms) = preSolution
		Debug|Any CPU = Debug|Any CPU
		Release|Any CPU = Release|Any CPU
	EndGlobalSection
	GlobalSection(ProjectConfigurationPlatforms) = postSolution
		{94062AC5-3DB5-48B6-AE8A-57862FF56D02}.Debug|Any CPU.ActiveCfg = Debug|Any CPU
		{94062AC5-3DB5-48B6-AE8A-57862FF56D02}.Debug|Any CPU.Build.0 = Debug|Any CPU
		{94062AC5-3DB5-48B6-AE8A-57862FF56D02}.Release|Any CPU.ActiveCfg = Release|Any CPU
		{94062AC5-3DB5-48B6-AE8A-57862FF56D02}.Release|Any CPU.Build.0 = Release|Any CPU
		{0C4CA075-E4EE-4D06-A33D-31C97579799A}.Debug|Any CPU.ActiveCfg = Debug|Any CPU
		{0C4CA075-E4EE-4D06-A33D-31C97579799A}.Debug|Any CPU.Build.0 = Debug|Any CPU
		{0C4CA075-E4EE-4D06-A33D-31C97579799A}.Release|Any CPU.ActiveCfg = Release|Any CPU
		{0C4CA075-E4EE-4D06-A33D-31C97579799A}.Release|Any CPU.Build.0 = Release|Any CPU
	EndGlobalSection
	GlobalSection(SolutionProperties) = preSolution
		HideSolutionNode = FALSE
	EndGlobalSection
	GlobalSection(ExtensibilityGlobals) = postSolution
		SolutionGuid = {B0D5E1EC-331A-439C-96A5-04318C70ED30}
	EndGlobalSection
EndGlobal
